
Microsoft Visual Studio Solution File, Format Version 12.00
# Visual Studio Version 16
VisualStudioVersion = 16.0.29926.136
MinimumVisualStudioVersion = 10.0.40219.1
Project("{FAE04EC0-301F-11D3-BF4B-00C04F79EFBC}") = "Lab3_Decision_Making", "Lab3_Decision_Making\Lab3_Decision_Making.csproj", "{D20FC6CA-FC85-49B2-BC38-5AF72D00CA57}"
EndProject
Global
	GlobalSection(SolutionConfigurationPlatforms) = preSolution
		Debug|Any CPU = Debug|Any CPU
		Release|Any CPU = Release|Any CPU
	EndGlobalSection
	GlobalSection(ProjectConfigurationPlatforms) = postSolution
		{D20FC6CA-FC85-49B2-BC38-5AF72D00CA57}.Debug|Any CPU.ActiveCfg = Debug|Any CPU
		{D20FC6CA-FC85-49B2-BC38-5AF72D00CA57}.Debug|Any CPU.Build.0 = Debug|Any CPU
		{D20FC6CA-FC85-49B2-BC38-5AF72D00CA57}.Release|Any CPU.ActiveCfg = Release|Any CPU
		{D20FC6CA-FC85-49B2-BC38-5AF72D00CA57}.Release|Any CPU.Build.0 = Release|Any CPU
	EndGlobalSection
	GlobalSection(SolutionProperties) = preSolution
		HideSolutionNode = FALSE
	EndGlobalSection
	GlobalSection(ExtensibilityGlobals) = postSolution
		SolutionGuid = {BEF2481E-3881-49E5-93F6-CA98C031398A}
	EndGlobalSection
EndGlobal
